// !$*UTF8*$!
{
	archiveVersion = 1;
	classes = {
	};
	objectVersion = 55;
	objects = {

/* Begin PBXBuildFile section */
		8EF4FC29293EE92300284C50 /* AppDelegate.swift in Sources */ = {isa = PBXBuildFile; fileRef = 8EF4FC28293EE92300284C50 /* AppDelegate.swift */; };
		8EF4FC2B293EE92300284C50 /* SceneDelegate.swift in Sources */ = {isa = PBXBuildFile; fileRef = 8EF4FC2A293EE92300284C50 /* SceneDelegate.swift */; };
		8EF4FC2D293EE92300284C50 /* ViewController.swift in Sources */ = {isa = PBXBuildFile; fileRef = 8EF4FC2C293EE92300284C50 /* ViewController.swift */; };
		8EF4FC30293EE92300284C50 /* Main.storyboard in Resources */ = {isa = PBXBuildFile; fileRef = 8EF4FC2E293EE92300284C50 /* Main.storyboard */; };
		8EF4FC32293EE92400284C50 /* Assets.xcassets in Resources */ = {isa = PBXBuildFile; fileRef = 8EF4FC31293EE92400284C50 /* Assets.xcassets */; };
		8EF4FC35293EE92400284C50 /* LaunchScreen.storyboard in Resources */ = {isa = PBXBuildFile; fileRef = 8EF4FC33293EE92400284C50 /* LaunchScreen.storyboard */; };
		8EF4FC40293EE92400284C50 /* TwitterLiteTests.swift in Sources */ = {isa = PBXBuildFile; fileRef = 8EF4FC3F293EE92400284C50 /* TwitterLiteTests.swift */; };
		8EF4FC4A293EE92400284C50 /* TwitterLiteUITests.swift in Sources */ = {isa = PBXBuildFile; fileRef = 8EF4FC49293EE92400284C50 /* TwitterLiteUITests.swift */; };
		8EF4FC4C293EE92400284C50 /* TwitterLiteUITestsLaunchTests.swift in Sources */ = {isa = PBXBuildFile; fileRef = 8EF4FC4B293EE92400284C50 /* TwitterLiteUITestsLaunchTests.swift */; };
/* End PBXBuildFile section */

/* Begin PBXContainerItemProxy section */
		8EF4FC3C293EE92400284C50 /* PBXContainerItemProxy */ = {
			isa = PBXContainerItemProxy;
			containerPortal = 8EF4FC1D293EE92300284C50 /* Project object */;
			proxyType = 1;
			remoteGlobalIDString = 8EF4FC24293EE92300284C50;
			remoteInfo = TwitterLite;
		};
		8EF4FC46293EE92400284C50 /* PBXContainerItemProxy */ = {
			isa = PBXContainerItemProxy;
			containerPortal = 8EF4FC1D293EE92300284C50 /* Project object */;
			proxyType = 1;
			remoteGlobalIDString = 8EF4FC24293EE92300284C50;
			remoteInfo = TwitterLite;
		};
/* End PBXContainerItemProxy section */

/* Begin PBXFileReference section */
		8EF4FC25293EE92300284C50 /* TwitterLite.app */ = {isa = PBXFileReference; explicitFileType = wrapper.application; includeInIndex = 0; path = TwitterLite.app; sourceTree = BUILT_PRODUCTS_DIR; };
		8EF4FC28293EE92300284C50 /* AppDelegate.swift */ = {isa = PBXFileReference; lastKnownFileType = sourcecode.swift; path = AppDelegate.swift; sourceTree = "<group>"; };
		8EF4FC2A293EE92300284C50 /* SceneDelegate.swift */ = {isa = PBXFileReference; lastKnownFileType = sourcecode.swift; path = SceneDelegate.swift; sourceTree = "<group>"; };
		8EF4FC2C293EE92300284C50 /* ViewController.swift */ = {isa = PBXFileReference; lastKnownFileType = sourcecode.swift; path = ViewController.swift; sourceTree = "<group>"; };
		8EF4FC2F293EE92300284C50 /* Base */ = {isa = PBXFileReference; lastKnownFileType = file.storyboard; name = Base; path = Base.lproj/Main.storyboard; sourceTree = "<group>"; };
		8EF4FC31293EE92400284C50 /* Assets.xcassets */ = {isa = PBXFileReference; lastKnownFileType = folder.assetcatalog; path = Assets.xcassets; sourceTree = "<group>"; };
		8EF4FC34293EE92400284C50 /* Base */ = {isa = PBXFileReference; lastKnownFileType = file.storyboard; name = Base; path = Base.lproj/LaunchScreen.storyboard; sourceTree = "<group>"; };
		8EF4FC36293EE92400284C50 /* Info.plist */ = {isa = PBXFileReference; lastKnownFileType = text.plist.xml; path = Info.plist; sourceTree = "<group>"; };
		8EF4FC3B293EE92400284C50 /* TwitterLiteTests.xctest */ = {isa = PBXFileReference; explicitFileType = wrapper.cfbundle; includeInIndex = 0; path = TwitterLiteTests.xctest; sourceTree = BUILT_PRODUCTS_DIR; };
		8EF4FC3F293EE92400284C50 /* TwitterLiteTests.swift */ = {isa = PBXFileReference; lastKnownFileType = sourcecode.swift; path = TwitterLiteTests.swift; sourceTree = "<group>"; };
		8EF4FC45293EE92400284C50 /* TwitterLiteUITests.xctest */ = {isa = PBXFileReference; explicitFileType = wrapper.cfbundle; includeInIndex = 0; path = TwitterLiteUITests.xctest; sourceTree = BUILT_PRODUCTS_DIR; };
		8EF4FC49293EE92400284C50 /* TwitterLiteUITests.swift */ = {isa = PBXFileReference; lastKnownFileType = sourcecode.swift; path = TwitterLiteUITests.swift; sourceTree = "<group>"; };
		8EF4FC4B293EE92400284C50 /* TwitterLiteUITestsLaunchTests.swift */ = {isa = PBXFileReference; lastKnownFileType = sourcecode.swift; path = TwitterLiteUITestsLaunchTests.swift; sourceTree = "<group>"; };
/* End PBXFileReference section */

/* Begin PBXFrameworksBuildPhase section */
		8EF4FC22293EE92300284C50 /* Frameworks */ = {
			isa = PBXFrameworksBuildPhase;
			buildActionMask = 2147483647;
			files = (
			);
			runOnlyForDeploymentPostprocessing = 0;
		};
		8EF4FC38293EE92400284C50 /* Frameworks */ = {
			isa = PBXFrameworksBuildPhase;
			buildActionMask = 2147483647;
			files = (
			);
			runOnlyForDeploymentPostprocessing = 0;
		};
		8EF4FC42293EE92400284C50 /* Frameworks */ = {
			isa = PBXFrameworksBuildPhase;
			buildActionMask = 2147483647;
			files = (
			);
			runOnlyForDeploymentPostprocessing = 0;
		};
/* End PBXFrameworksBuildPhase section */

/* Begin PBXGroup section */
		8EF4FC1C293EE92300284C50 = {
			isa = PBXGroup;
			children = (
				8EF4FC27293EE92300284C50 /* TwitterLite */,
				8EF4FC3E293EE92400284C50 /* TwitterLiteTests */,
				8EF4FC48293EE92400284C50 /* TwitterLiteUITests */,
				8EF4FC26293EE92300284C50 /* Products */,
			);
			sourceTree = "<group>";
		};
		8EF4FC26293EE92300284C50 /* Products */ = {
			isa = PBXGroup;
			children = (
				8EF4FC25293EE92300284C50 /* TwitterLite.app */,
				8EF4FC3B293EE92400284C50 /* TwitterLiteTests.xctest */,
				8EF4FC45293EE92400284C50 /* TwitterLiteUITests.xctest */,
			);
			name = Products;
			sourceTree = "<group>";
		};
		8EF4FC27293EE92300284C50 /* TwitterLite */ = {
			isa = PBXGroup;
			children = (
				8EF4FC28293EE92300284C50 /* AppDelegate.swift */,
				8EF4FC2A293EE92300284C50 /* SceneDelegate.swift */,
				8EF4FC2C293EE92300284C50 /* ViewController.swift */,
				8EF4FC2E293EE92300284C50 /* Main.storyboard */,
				8EF4FC31293EE92400284C50 /* Assets.xcassets */,
				8EF4FC33293EE92400284C50 /* LaunchScreen.storyboard */,
				8EF4FC36293EE92400284C50 /* Info.plist */,
			);
			path = TwitterLite;
			sourceTree = "<group>";
		};
		8EF4FC3E293EE92400284C50 /* TwitterLiteTests */ = {
			isa = PBXGroup;
			children = (
				8EF4FC3F293EE92400284C50 /* TwitterLiteTests.swift */,
			);
			path = TwitterLiteTests;
			sourceTree = "<group>";
		};
		8EF4FC48293EE92400284C50 /* TwitterLiteUITests */ = {
			isa = PBXGroup;
			children = (
				8EF4FC49293EE92400284C50 /* TwitterLiteUITests.swift */,
				8EF4FC4B293EE92400284C50 /* TwitterLiteUITestsLaunchTests.swift */,
			);
			path = TwitterLiteUITests;
			sourceTree = "<group>";
		};
/* End PBXGroup section */

/* Begin PBXNativeTarget section */
		8EF4FC24293EE92300284C50 /* TwitterLite */ = {
			isa = PBXNativeTarget;
			buildConfigurationList = 8EF4FC4F293EE92400284C50 /* Build configuration list for PBXNativeTarget "TwitterLite" */;
			buildPhases = (
				8EF4FC21293EE92300284C50 /* Sources */,
				8EF4FC22293EE92300284C50 /* Frameworks */,
				8EF4FC23293EE92300284C50 /* Resources */,
			);
			buildRules = (
			);
			dependencies = (
			);
			name = TwitterLite;
			productName = TwitterLite;
			productReference = 8EF4FC25293EE92300284C50 /* TwitterLite.app */;
			productType = "com.apple.product-type.application";
		};
		8EF4FC3A293EE92400284C50 /* TwitterLiteTests */ = {
			isa = PBXNativeTarget;
			buildConfigurationList = 8EF4FC52293EE92400284C50 /* Build configuration list for PBXNativeTarget "TwitterLiteTests" */;
			buildPhases = (
				8EF4FC37293EE92400284C50 /* Sources */,
				8EF4FC38293EE92400284C50 /* Frameworks */,
				8EF4FC39293EE92400284C50 /* Resources */,
			);
			buildRules = (
			);
			dependencies = (
				8EF4FC3D293EE92400284C50 /* PBXTargetDependency */,
			);
			name = TwitterLiteTests;
			productName = TwitterLiteTests;
			productReference = 8EF4FC3B293EE92400284C50 /* TwitterLiteTests.xctest */;
			productType = "com.apple.product-type.bundle.unit-test";
		};
		8EF4FC44293EE92400284C50 /* TwitterLiteUITests */ = {
			isa = PBXNativeTarget;
			buildConfigurationList = 8EF4FC55293EE92400284C50 /* Build configuration list for PBXNativeTarget "TwitterLiteUITests" */;
			buildPhases = (
				8EF4FC41293EE92400284C50 /* Sources */,
				8EF4FC42293EE92400284C50 /* Frameworks */,
				8EF4FC43293EE92400284C50 /* Resources */,
			);
			buildRules = (
			);
			dependencies = (
				8EF4FC47293EE92400284C50 /* PBXTargetDependency */,
			);
			name = TwitterLiteUITests;
			productName = TwitterLiteUITests;
			productReference = 8EF4FC45293EE92400284C50 /* TwitterLiteUITests.xctest */;
			productType = "com.apple.product-type.bundle.ui-testing";
		};
/* End PBXNativeTarget section */

/* Begin PBXProject section */
		8EF4FC1D293EE92300284C50 /* Project object */ = {
			isa = PBXProject;
			attributes = {
				BuildIndependentTargetsInParallel = 1;
				LastSwiftUpdateCheck = 1300;
				LastUpgradeCheck = 1300;
				TargetAttributes = {
					8EF4FC24293EE92300284C50 = {
						CreatedOnToolsVersion = 13.0;
					};
					8EF4FC3A293EE92400284C50 = {
						CreatedOnToolsVersion = 13.0;
						TestTargetID = 8EF4FC24293EE92300284C50;
					};
					8EF4FC44293EE92400284C50 = {
						CreatedOnToolsVersion = 13.0;
						TestTargetID = 8EF4FC24293EE92300284C50;
					};
				};
			};
			buildConfigurationList = 8EF4FC20293EE92300284C50 /* Build configuration list for PBXProject "TwitterLite" */;
			compatibilityVersion = "Xcode 13.0";
			developmentRegion = en;
			hasScannedForEncodings = 0;
			knownRegions = (
				en,
				Base,
			);
			mainGroup = 8EF4FC1C293EE92300284C50;
			productRefGroup = 8EF4FC26293EE92300284C50 /* Products */;
			projectDirPath = "";
			projectRoot = "";
			targets = (
				8EF4FC24293EE92300284C50 /* TwitterLite */,
				8EF4FC3A293EE92400284C50 /* TwitterLiteTests */,
				8EF4FC44293EE92400284C50 /* TwitterLiteUITests */,
			);
		};
/* End PBXProject section */

/* Begin PBXResourcesBuildPhase section */
		8EF4FC23293EE92300284C50 /* Resources */ = {
			isa = PBXResourcesBuildPhase;
			buildActionMask = 2147483647;
			files = (
				8EF4FC35293EE92400284C50 /* LaunchScreen.storyboard in Resources */,
				8EF4FC32293EE92400284C50 /* Assets.xcassets in Resources */,
				8EF4FC30293EE92300284C50 /* Main.storyboard in Resources */,
			);
			runOnlyForDeploymentPostprocessing = 0;
		};
		8EF4FC39293EE92400284C50 /* Resources */ = {
			isa = PBXResourcesBuildPhase;
			buildActionMask = 2147483647;
			files = (
			);
			runOnlyForDeploymentPostprocessing = 0;
		};
		8EF4FC43293EE92400284C50 /* Resources */ = {
			isa = PBXResourcesBuildPhase;
			buildActionMask = 2147483647;
			files = (
			);
			runOnlyForDeploymentPostprocessing = 0;
		};
/* End PBXResourcesBuildPhase section */

/* Begin PBXSourcesBuildPhase section */
		8EF4FC21293EE92300284C50 /* Sources */ = {
			isa = PBXSourcesBuildPhase;
			buildActionMask = 2147483647;
			files = (
				8EF4FC2D293EE92300284C50 /* ViewController.swift in Sources */,
				8EF4FC29293EE92300284C50 /* AppDelegate.swift in Sources */,
				8EF4FC2B293EE92300284C50 /* SceneDelegate.swift in Sources */,
			);
			runOnlyForDeploymentPostprocessing = 0;
		};
		8EF4FC37293EE92400284C50 /* Sources */ = {
			isa = PBXSourcesBuildPhase;
			buildActionMask = 2147483647;
			files = (
				8EF4FC40293EE92400284C50 /* TwitterLiteTests.swift in Sources */,
			);
			runOnlyForDeploymentPostprocessing = 0;
		};
		8EF4FC41293EE92400284C50 /* Sources */ = {
			isa = PBXSourcesBuildPhase;
			buildActionMask = 2147483647;
			files = (
				8EF4FC4C293EE92400284C50 /* TwitterLiteUITestsLaunchTests.swift in Sources */,
				8EF4FC4A293EE92400284C50 /* TwitterLiteUITests.swift in Sources */,
			);
			runOnlyForDeploymentPostprocessing = 0;
		};
/* End PBXSourcesBuildPhase section */

/* Begin PBXTargetDependency section */
		8EF4FC3D293EE92400284C50 /* PBXTargetDependency */ = {
			isa = PBXTargetDependency;
			target = 8EF4FC24293EE92300284C50 /* TwitterLite */;
			targetProxy = 8EF4FC3C293EE92400284C50 /* PBXContainerItemProxy */;
		};
		8EF4FC47293EE92400284C50 /* PBXTargetDependency */ = {
			isa = PBXTargetDependency;
			target = 8EF4FC24293EE92300284C50 /* TwitterLite */;
			targetProxy = 8EF4FC46293EE92400284C50 /* PBXContainerItemProxy */;
		};
/* End PBXTargetDependency section */

/* Begin PBXVariantGroup section */
		8EF4FC2E293EE92300284C50 /* Main.storyboard */ = {
			isa = PBXVariantGroup;
			children = (
				8EF4FC2F293EE92300284C50 /* Base */,
			);
			name = Main.storyboard;
			sourceTree = "<group>";
		};
		8EF4FC33293EE92400284C50 /* LaunchScreen.storyboard */ = {
			isa = PBXVariantGroup;
			children = (
				8EF4FC34293EE92400284C50 /* Base */,
			);
			name = LaunchScreen.storyboard;
			sourceTree = "<group>";
		};
/* End PBXVariantGroup section */

/* Begin XCBuildConfiguration section */
		8EF4FC4D293EE92400284C50 /* Debug */ = {
			isa = XCBuildConfiguration;
			buildSettings = {
				ALWAYS_SEARCH_USER_PATHS = NO;
				CLANG_ANALYZER_NONNULL = YES;
				CLANG_ANALYZER_NUMBER_OBJECT_CONVERSION = YES_AGGRESSIVE;
				CLANG_CXX_LANGUAGE_STANDARD = "gnu++17";
				CLANG_CXX_LIBRARY = "libc++";
				CLANG_ENABLE_MODULES = YES;
				CLANG_ENABLE_OBJC_ARC = YES;
				CLANG_ENABLE_OBJC_WEAK = YES;
				CLANG_WARN_BLOCK_CAPTURE_AUTORELEASING = YES;
				CLANG_WARN_BOOL_CONVERSION = YES;
				CLANG_WARN_COMMA = YES;
				CLANG_WARN_CONSTANT_CONVERSION = YES;
				CLANG_WARN_DEPRECATED_OBJC_IMPLEMENTATIONS = YES;
				CLANG_WARN_DIRECT_OBJC_ISA_USAGE = YES_ERROR;
				CLANG_WARN_DOCUMENTATION_COMMENTS = YES;
				CLANG_WARN_EMPTY_BODY = YES;
				CLANG_WARN_ENUM_CONVERSION = YES;
				CLANG_WARN_INFINITE_RECURSION = YES;
				CLANG_WARN_INT_CONVERSION = YES;
				CLANG_WARN_NON_LITERAL_NULL_CONVERSION = YES;
				CLANG_WARN_OBJC_IMPLICIT_RETAIN_SELF = YES;
				CLANG_WARN_OBJC_LITERAL_CONVERSION = YES;
				CLANG_WARN_OBJC_ROOT_CLASS = YES_ERROR;
				CLANG_WARN_QUOTED_INCLUDE_IN_FRAMEWORK_HEADER = YES;
				CLANG_WARN_RANGE_LOOP_ANALYSIS = YES;
				CLANG_WARN_STRICT_PROTOTYPES = YES;
				CLANG_WARN_SUSPICIOUS_MOVE = YES;
				CLANG_WARN_UNGUARDED_AVAILABILITY = YES_AGGRESSIVE;
				CLANG_WARN_UNREACHABLE_CODE = YES;
				CLANG_WARN__DUPLICATE_METHOD_MATCH = YES;
				COPY_PHASE_STRIP = NO;
				DEBUG_INFORMATION_FORMAT = dwarf;
				ENABLE_STRICT_OBJC_MSGSEND = YES;
				ENABLE_TESTABILITY = YES;
				GCC_C_LANGUAGE_STANDARD = gnu11;
				GCC_DYNAMIC_NO_PIC = NO;
				GCC_NO_COMMON_BLOCKS = YES;
				GCC_OPTIMIZATION_LEVEL = 0;
				GCC_PREPROCESSOR_DEFINITIONS = (
					"DEBUG=1",
					"$(inherited)",
				);
				GCC_WARN_64_TO_32_BIT_CONVERSION = YES;
				GCC_WARN_ABOUT_RETURN_TYPE = YES_ERROR;
				GCC_WARN_UNDECLARED_SELECTOR = YES;
				GCC_WARN_UNINITIALIZED_AUTOS = YES_AGGRESSIVE;
				GCC_WARN_UNUSED_FUNCTION = YES;
				GCC_WARN_UNUSED_VARIABLE = YES;
				IPHONEOS_DEPLOYMENT_TARGET = 15.0;
				MTL_ENABLE_DEBUG_INFO = INCLUDE_SOURCE;
				MTL_FAST_MATH = YES;
				ONLY_ACTIVE_ARCH = YES;
				SDKROOT = iphoneos;
				SWIFT_ACTIVE_COMPILATION_CONDITIONS = DEBUG;
				SWIFT_OPTIMIZATION_LEVEL = "-Onone";
			};
			name = Debug;
		};
		8EF4FC4E293EE92400284C50 /* Release */ = {
			isa = XCBuildConfiguration;
			buildSettings = {
				ALWAYS_SEARCH_USER_PATHS = NO;
				CLANG_ANALYZER_NONNULL = YES;
				CLANG_ANALYZER_NUMBER_OBJECT_CONVERSION = YES_AGGRESSIVE;
				CLANG_CXX_LANGUAGE_STANDARD = "gnu++17";
				CLANG_CXX_LIBRARY = "libc++";
				CLANG_ENABLE_MODULES = YES;
				CLANG_ENABLE_OBJC_ARC = YES;
				CLANG_ENABLE_OBJC_WEAK = YES;
				CLANG_WARN_BLOCK_CAPTURE_AUTORELEASING = YES;
				CLANG_WARN_BOOL_CONVERSION = YES;
				CLANG_WARN_COMMA = YES;
				CLANG_WARN_CONSTANT_CONVERSION = YES;
				CLANG_WARN_DEPRECATED_OBJC_IMPLEMENTATIONS = YES;
				CLANG_WARN_DIRECT_OBJC_ISA_USAGE = YES_ERROR;
				CLANG_WARN_DOCUMENTATION_COMMENTS = YES;
				CLANG_WARN_EMPTY_BODY = YES;
				CLANG_WARN_ENUM_CONVERSION = YES;
				CLANG_WARN_INFINITE_RECURSION = YES;
				CLANG_WARN_INT_CONVERSION = YES;
				CLANG_WARN_NON_LITERAL_NULL_CONVERSION = YES;
				CLANG_WARN_OBJC_IMPLICIT_RETAIN_SELF = YES;
				CLANG_WARN_OBJC_LITERAL_CONVERSION = YES;
				CLANG_WARN_OBJC_ROOT_CLASS = YES_ERROR;
				CLANG_WARN_QUOTED_INCLUDE_IN_FRAMEWORK_HEADER = YES;
				CLANG_WARN_RANGE_LOOP_ANALYSIS = YES;
				CLANG_WARN_STRICT_PROTOTYPES = YES;
				CLANG_WARN_SUSPICIOUS_MOVE = YES;
				CLANG_WARN_UNGUARDED_AVAILABILITY = YES_AGGRESSIVE;
				CLANG_WARN_UNREACHABLE_CODE = YES;
				CLANG_WARN__DUPLICATE_METHOD_MATCH = YES;
				COPY_PHASE_STRIP = NO;
				DEBUG_INFORMATION_FORMAT = "dwarf-with-dsym";
				ENABLE_NS_ASSERTIONS = NO;
				ENABLE_STRICT_OBJC_MSGSEND = YES;
				GCC_C_LANGUAGE_STANDARD = gnu11;
				GCC_NO_COMMON_BLOCKS = YES;
				GCC_WARN_64_TO_32_BIT_CONVERSION = YES;
				GCC_WARN_ABOUT_RETURN_TYPE = YES_ERROR;
				GCC_WARN_UNDECLARED_SELECTOR = YES;
				GCC_WARN_UNINITIALIZED_AUTOS = YES_AGGRESSIVE;
				GCC_WARN_UNUSED_FUNCTION = YES;
				GCC_WARN_UNUSED_VARIABLE = YES;
				IPHONEOS_DEPLOYMENT_TARGET = 15.0;
				MTL_ENABLE_DEBUG_INFO = NO;
				MTL_FAST_MATH = YES;
				SDKROOT = iphoneos;
				SWIFT_COMPILATION_MODE = wholemodule;
				SWIFT_OPTIMIZATION_LEVEL = "-O";
				VALIDATE_PRODUCT = YES;
			};
			name = Release;
		};
		8EF4FC50293EE92400284C50 /* Debug */ = {
			isa = XCBuildConfiguration;
			buildSettings = {
				ASSETCATALOG_COMPILER_APPICON_NAME = AppIcon;
				ASSETCATALOG_COMPILER_GLOBAL_ACCENT_COLOR_NAME = AccentColor;
				CODE_SIGN_STYLE = Automatic;
				CURRENT_PROJECT_VERSION = 1;
				DEVELOPMENT_TEAM = 5MR82B22C8;
				GENERATE_INFOPLIST_FILE = YES;
				INFOPLIST_FILE = TwitterLite/Info.plist;
				INFOPLIST_KEY_UIApplicationSupportsIndirectInputEvents = YES;
				INFOPLIST_KEY_UILaunchStoryboardName = LaunchScreen;
				INFOPLIST_KEY_UIMainStoryboardFile = Main;
				INFOPLIST_KEY_UISupportedInterfaceOrientations_iPad = "UIInterfaceOrientationPortrait UIInterfaceOrientationPortraitUpsideDown UIInterfaceOrientationLandscapeLeft UIInterfaceOrientationLandscapeRight";
				INFOPLIST_KEY_UISupportedInterfaceOrientations_iPhone = "UIInterfaceOrientationPortrait UIInterfaceOrientationLandscapeLeft UIInterfaceOrientationLandscapeRight";
				LD_RUNPATH_SEARCH_PATHS = (
					"$(inherited)",
					"@executable_path/Frameworks",
				);
				MARKETING_VERSION = 1.0;
				PRODUCT_BUNDLE_IDENTIFIER = com.alamin39.TwitterLite;
				PRODUCT_NAME = "$(TARGET_NAME)";
				SWIFT_EMIT_LOC_STRINGS = YES;
				SWIFT_VERSION = 5.0;
				TARGETED_DEVICE_FAMILY = "1,2";
			};
			name = Debug;
		};
		8EF4FC51293EE92400284C50 /* Release */ = {
			isa = XCBuildConfiguration;
			buildSettings = {
				ASSETCATALOG_COMPILER_APPICON_NAME = AppIcon;
				ASSETCATALOG_COMPILER_GLOBAL_ACCENT_COLOR_NAME = AccentColor;
				CODE_SIGN_STYLE = Automatic;
				CURRENT_PROJECT_VERSION = 1;
				DEVELOPMENT_TEAM = 5MR82B22C8;
				GENERATE_INFOPLIST_FILE = YES;
				INFOPLIST_FILE = TwitterLite/Info.plist;
				INFOPLIST_KEY_UIApplicationSupportsIndirectInputEvents = YES;
				INFOPLIST_KEY_UILaunchStoryboardName = LaunchScreen;
				INFOPLIST_KEY_UIMainStoryboardFile = Main;
				INFOPLIST_KEY_UISupportedInterfaceOrientations_iPad = "UIInterfaceOrientationPortrait UIInterfaceOrientationPortraitUpsideDown UIInterfaceOrientationLandscapeLeft UIInterfaceOrientationLandscapeRight";
				INFOPLIST_KEY_UISupportedInterfaceOrientations_iPhone = "UIInterfaceOrientationPortrait UIInterfaceOrientationLandscapeLeft UIInterfaceOrientationLandscapeRight";
				LD_RUNPATH_SEARCH_PATHS = (
					"$(inherited)",
					"@executable_path/Frameworks",
				);
				MARKETING_VERSION = 1.0;
				PRODUCT_BUNDLE_IDENTIFIER = com.alamin39.TwitterLite;
				PRODUCT_NAME = "$(TARGET_NAME)";
				SWIFT_EMIT_LOC_STRINGS = YES;
				SWIFT_VERSION = 5.0;
				TARGETED_DEVICE_FAMILY = "1,2";
			};
			name = Release;
		};
		8EF4FC53293EE92400284C50 /* Debug */ = {
			isa = XCBuildConfiguration;
			buildSettings = {
				ALWAYS_EMBED_SWIFT_STANDARD_LIBRARIES = YES;
				BUNDLE_LOADER = "$(TEST_HOST)";
				CODE_SIGN_STYLE = Automatic;
				CURRENT_PROJECT_VERSION = 1;
				DEVELOPMENT_TEAM = 5MR82B22C8;
				GENERATE_INFOPLIST_FILE = YES;
				IPHONEOS_DEPLOYMENT_TARGET = 15.0;
				LD_RUNPATH_SEARCH_PATHS = (
					"$(inherited)",
					"@executable_path/Frameworks",
					"@loader_path/Frameworks",
				);
				MARKETING_VERSION = 1.0;
				PRODUCT_BUNDLE_IDENTIFIER = com.alamin39.TwitterLiteTests;
				PRODUCT_NAME = "$(TARGET_NAME)";
				SWIFT_EMIT_LOC_STRINGS = NO;
				SWIFT_VERSION = 5.0;
				TARGETED_DEVICE_FAMILY = "1,2";
				TEST_HOST = "$(BUILT_PRODUCTS_DIR)/TwitterLite.app/TwitterLite";
			};
			name = Debug;
		};
		8EF4FC54293EE92400284C50 /* Release */ = {
			isa = XCBuildConfiguration;
			buildSettings = {
				ALWAYS_EMBED_SWIFT_STANDARD_LIBRARIES = YES;
				BUNDLE_LOADER = "$(TEST_HOST)";
				CODE_SIGN_STYLE = Automatic;
				CURRENT_PROJECT_VERSION = 1;
				DEVELOPMENT_TEAM = 5MR82B22C8;
				GENERATE_INFOPLIST_FILE = YES;
				IPHONEOS_DEPLOYMENT_TARGET = 15.0;
				LD_RUNPATH_SEARCH_PATHS = (
					"$(inherited)",
					"@executable_path/Frameworks",
					"@loader_path/Frameworks",
				);
				MARKETING_VERSION = 1.0;
				PRODUCT_BUNDLE_IDENTIFIER = com.alamin39.TwitterLiteTests;
				PRODUCT_NAME = "$(TARGET_NAME)";
				SWIFT_EMIT_LOC_STRINGS = NO;
				SWIFT_VERSION = 5.0;
				TARGETED_DEVICE_FAMILY = "1,2";
				TEST_HOST = "$(BUILT_PRODUCTS_DIR)/TwitterLite.app/TwitterLite";
			};
			name = Release;
		};
		8EF4FC56293EE92400284C50 /* Debug */ = {
			isa = XCBuildConfiguration;
			buildSettings = {
				ALWAYS_EMBED_SWIFT_STANDARD_LIBRARIES = YES;
				CODE_SIGN_STYLE = Automatic;
				CURRENT_PROJECT_VERSION = 1;
				DEVELOPMENT_TEAM = 5MR82B22C8;
				GENERATE_INFOPLIST_FILE = YES;
				LD_RUNPATH_SEARCH_PATHS = (
					"$(inherited)",
					"@executable_path/Frameworks",
					"@loader_path/Frameworks",
				);
				MARKETING_VERSION = 1.0;
				PRODUCT_BUNDLE_IDENTIFIER = com.alamin39.TwitterLiteUITests;
				PRODUCT_NAME = "$(TARGET_NAME)";
				SWIFT_EMIT_LOC_STRINGS = NO;
				SWIFT_VERSION = 5.0;
				TARGETED_DEVICE_FAMILY = "1,2";
				TEST_TARGET_NAME = TwitterLite;
			};
			name = Debug;
		};
		8EF4FC57293EE92400284C50 /* Release */ = {
			isa = XCBuildConfiguration;
			buildSettings = {
				ALWAYS_EMBED_SWIFT_STANDARD_LIBRARIES = YES;
				CODE_SIGN_STYLE = Automatic;
				CURRENT_PROJECT_VERSION = 1;
				DEVELOPMENT_TEAM = 5MR82B22C8;
				GENERATE_INFOPLIST_FILE = YES;
				LD_RUNPATH_SEARCH_PATHS = (
					"$(inherited)",
					"@executable_path/Frameworks",
					"@loader_path/Frameworks",
				);
				MARKETING_VERSION = 1.0;
				PRODUCT_BUNDLE_IDENTIFIER = com.alamin39.TwitterLiteUITests;
				PRODUCT_NAME = "$(TARGET_NAME)";
				SWIFT_EMIT_LOC_STRINGS = NO;
				SWIFT_VERSION = 5.0;
				TARGETED_DEVICE_FAMILY = "1,2";
				TEST_TARGET_NAME = TwitterLite;
			};
			name = Release;
		};
/* End XCBuildConfiguration section */

/* Begin XCConfigurationList section */
		8EF4FC20293EE92300284C50 /* Build configuration list for PBXProject "TwitterLite" */ = {
			isa = XCConfigurationList;
			buildConfigurations = (
				8EF4FC4D293EE92400284C50 /* Debug */,
				8EF4FC4E293EE92400284C50 /* Release */,
			);
			defaultConfigurationIsVisible = 0;
			defaultConfigurationName = Release;
		};
		8EF4FC4F293EE92400284C50 /* Build configuration list for PBXNativeTarget "TwitterLite" */ = {
			isa = XCConfigurationList;
			buildConfigurations = (
				8EF4FC50293EE92400284C50 /* Debug */,
				8EF4FC51293EE92400284C50 /* Release */,
			);
			defaultConfigurationIsVisible = 0;
			defaultConfigurationName = Release;
		};
		8EF4FC52293EE92400284C50 /* Build configuration list for PBXNativeTarget "TwitterLiteTests" */ = {
			isa = XCConfigurationList;
			buildConfigurations = (
				8EF4FC53293EE92400284C50 /* Debug */,
				8EF4FC54293EE92400284C50 /* Release */,
			);
			defaultConfigurationIsVisible = 0;
			defaultConfigurationName = Release;
		};
		8EF4FC55293EE92400284C50 /* Build configuration list for PBXNativeTarget "TwitterLiteUITests" */ = {
			isa = XCConfigurationList;
			buildConfigurations = (
				8EF4FC56293EE92400284C50 /* Debug */,
				8EF4FC57293EE92400284C50 /* Release */,
			);
			defaultConfigurationIsVisible = 0;
			defaultConfigurationName = Release;
		};
/* End XCConfigurationList section */
	};
	rootObject = 8EF4FC1D293EE92300284C50 /* Project object */;
}
